
Microsoft Visual Studio Solution File, Format Version 12.00
# Visual Studio Version 17
VisualStudioVersion = 17.0.31903.59
MinimumVisualStudioVersion = 10.0.40219.1
Project("{9A19103F-16F7-4668-BE54-9A1E7A4F7556}") = "JutSuCS", "JutSuCS\JutSuCS.csproj", "{8C18313C-C468-467C-8135-4F3932623190}"
EndProject
Project("{9A19103F-16F7-4668-BE54-9A1E7A4F7556}") = "Test", "Test\Test.csproj", "{F4C6EDFD-69CD-4B4C-9886-F500230DB46E}"
EndProject
Global
	GlobalSection(SolutionConfigurationPlatforms) = preSolution
		Debug|Any CPU = Debug|Any CPU
		Release|Any CPU = Release|Any CPU
	EndGlobalSection
	GlobalSection(ProjectConfigurationPlatforms) = postSolution
		{8C18313C-C468-467C-8135-4F3932623190}.Debug|Any CPU.ActiveCfg = Debug|Any CPU
		{8C18313C-C468-467C-8135-4F3932623190}.Debug|Any CPU.Build.0 = Debug|Any CPU
		{8C18313C-C468-467C-8135-4F3932623190}.Release|Any CPU.ActiveCfg = Release|Any CPU
		{8C18313C-C468-467C-8135-4F3932623190}.Release|Any CPU.Build.0 = Release|Any CPU
		{F4C6EDFD-69CD-4B4C-9886-F500230DB46E}.Debug|Any CPU.ActiveCfg = Debug|Any CPU
		{F4C6EDFD-69CD-4B4C-9886-F500230DB46E}.Debug|Any CPU.Build.0 = Debug|Any CPU
		{F4C6EDFD-69CD-4B4C-9886-F500230DB46E}.Release|Any CPU.ActiveCfg = Release|Any CPU
		{F4C6EDFD-69CD-4B4C-9886-F500230DB46E}.Release|Any CPU.Build.0 = Release|Any CPU
	EndGlobalSection
	GlobalSection(SolutionProperties) = preSolution
		HideSolutionNode = FALSE
	EndGlobalSection
	GlobalSection(ExtensibilityGlobals) = postSolution
		SolutionGuid = {862C2FF8-1D3F-4A4D-B4D7-8A0106C7230E}
	EndGlobalSection
EndGlobal
